
Microsoft Visual Studio Solution File, Format Version 12.00
# Visual Studio Version 16
VisualStudioVersion = 16.0.31019.35
MinimumVisualStudioVersion = 10.0.40219.1
Project("{FAE04EC0-301F-11D3-BF4B-00C04F79EFBC}") = "lecture 1", "lecture 1.csproj", "{107F9230-0F05-4A4F-97AE-19A91D2E534A}"
EndProject
Global
	GlobalSection(SolutionConfigurationPlatforms) = preSolution
		Debug|Any CPU = Debug|Any CPU
		Release|Any CPU = Release|Any CPU
	EndGlobalSection
	GlobalSection(ProjectConfigurationPlatforms) = postSolution
		{107F9230-0F05-4A4F-97AE-19A91D2E534A}.Debug|Any CPU.ActiveCfg = Debug|Any CPU
		{107F9230-0F05-4A4F-97AE-19A91D2E534A}.Debug|Any CPU.Build.0 = Debug|Any CPU
		{107F9230-0F05-4A4F-97AE-19A91D2E534A}.Release|Any CPU.ActiveCfg = Release|Any CPU
		{107F9230-0F05-4A4F-97AE-19A91D2E534A}.Release|Any CPU.Build.0 = Release|Any CPU
	EndGlobalSection
	GlobalSection(SolutionProperties) = preSolution
		HideSolutionNode = FALSE
	EndGlobalSection
	GlobalSection(ExtensibilityGlobals) = postSolution
		SolutionGuid = {7AE77B24-92F8-4A37-A9EE-FD02B08AD666}
	EndGlobalSection
EndGlobal
