
Microsoft Visual Studio Solution File, Format Version 12.00
# Visual Studio Version 16
VisualStudioVersion = 16.0.31019.35
MinimumVisualStudioVersion = 10.0.40219.1
Project("{9A19103F-16F7-4668-BE54-9A1E7A4F7556}") = "lecture 4", "lecture 4.csproj", "{763D29F3-985C-482C-9157-2CEF29EB05C7}"
EndProject
Global
	GlobalSection(SolutionConfigurationPlatforms) = preSolution
		Debug|Any CPU = Debug|Any CPU
		Release|Any CPU = Release|Any CPU
	EndGlobalSection
	GlobalSection(ProjectConfigurationPlatforms) = postSolution
		{763D29F3-985C-482C-9157-2CEF29EB05C7}.Debug|Any CPU.ActiveCfg = Debug|Any CPU
		{763D29F3-985C-482C-9157-2CEF29EB05C7}.Debug|Any CPU.Build.0 = Debug|Any CPU
		{763D29F3-985C-482C-9157-2CEF29EB05C7}.Release|Any CPU.ActiveCfg = Release|Any CPU
		{763D29F3-985C-482C-9157-2CEF29EB05C7}.Release|Any CPU.Build.0 = Release|Any CPU
	EndGlobalSection
	GlobalSection(SolutionProperties) = preSolution
		HideSolutionNode = FALSE
	EndGlobalSection
	GlobalSection(ExtensibilityGlobals) = postSolution
		SolutionGuid = {5B61D6E3-5D44-42AC-9D1D-447B9939536F}
	EndGlobalSection
EndGlobal
