
Microsoft Visual Studio Solution File, Format Version 12.00
# Visual Studio Version 16
VisualStudioVersion = 16.0.31019.35
MinimumVisualStudioVersion = 10.0.40219.1
Project("{FAE04EC0-301F-11D3-BF4B-00C04F79EFBC}") = "lecture 2", "lecture 2.csproj", "{A86ACE43-8850-493A-B7C7-1430DE5E990E}"
EndProject
Global
	GlobalSection(SolutionConfigurationPlatforms) = preSolution
		Debug|Any CPU = Debug|Any CPU
		Release|Any CPU = Release|Any CPU
	EndGlobalSection
	GlobalSection(ProjectConfigurationPlatforms) = postSolution
		{A86ACE43-8850-493A-B7C7-1430DE5E990E}.Debug|Any CPU.ActiveCfg = Debug|Any CPU
		{A86ACE43-8850-493A-B7C7-1430DE5E990E}.Debug|Any CPU.Build.0 = Debug|Any CPU
		{A86ACE43-8850-493A-B7C7-1430DE5E990E}.Release|Any CPU.ActiveCfg = Release|Any CPU
		{A86ACE43-8850-493A-B7C7-1430DE5E990E}.Release|Any CPU.Build.0 = Release|Any CPU
	EndGlobalSection
	GlobalSection(SolutionProperties) = preSolution
		HideSolutionNode = FALSE
	EndGlobalSection
	GlobalSection(ExtensibilityGlobals) = postSolution
		SolutionGuid = {18FBFD64-AD03-4F66-85A4-C1DBB7928349}
	EndGlobalSection
EndGlobal
